
Microsoft Visual Studio Solution File, Format Version 12.00
# Visual Studio Version 17
VisualStudioVersion = 17.0.31919.166
MinimumVisualStudioVersion = 10.0.40219.1
Project("{9A19103F-16F7-4668-BE54-9A1E7A4F7556}") = "NetCore.Web", "NetCore.Web\NetCore.Web.csproj", "{8C3C3233-1797-4B70-95E4-BD0A59619FDE}"
EndProject
Project("{9A19103F-16F7-4668-BE54-9A1E7A4F7556}") = "NetCore.Services", "NetCore.Services\NetCore.Services.csproj", "{3D44E7FA-44D5-48D6-8F8A-D6EBA12611ED}"
EndProject
Project("{9A19103F-16F7-4668-BE54-9A1E7A4F7556}") = "NetCore.Data", "NetCore.Data\NetCore.Data.csproj", "{69274AEA-93A0-4123-B213-4644FC723D29}"
EndProject
Project("{FAE04EC0-301F-11D3-BF4B-00C04F79EFBC}") = "NetCore.Migrations", "NetCore.Migrations\NetCore.Migrations.csproj", "{14A5613D-E7C3-4634-A036-BEC2AC1EDF26}"
EndProject
Global
	GlobalSection(SolutionConfigurationPlatforms) = preSolution
		Debug|Any CPU = Debug|Any CPU
		Release|Any CPU = Release|Any CPU
	EndGlobalSection
	GlobalSection(ProjectConfigurationPlatforms) = postSolution
		{8C3C3233-1797-4B70-95E4-BD0A59619FDE}.Debug|Any CPU.ActiveCfg = Debug|Any CPU
		{8C3C3233-1797-4B70-95E4-BD0A59619FDE}.Debug|Any CPU.Build.0 = Debug|Any CPU
		{8C3C3233-1797-4B70-95E4-BD0A59619FDE}.Release|Any CPU.ActiveCfg = Release|Any CPU
		{8C3C3233-1797-4B70-95E4-BD0A59619FDE}.Release|Any CPU.Build.0 = Release|Any CPU
		{3D44E7FA-44D5-48D6-8F8A-D6EBA12611ED}.Debug|Any CPU.ActiveCfg = Debug|Any CPU
		{3D44E7FA-44D5-48D6-8F8A-D6EBA12611ED}.Debug|Any CPU.Build.0 = Debug|Any CPU
		{3D44E7FA-44D5-48D6-8F8A-D6EBA12611ED}.Release|Any CPU.ActiveCfg = Release|Any CPU
		{3D44E7FA-44D5-48D6-8F8A-D6EBA12611ED}.Release|Any CPU.Build.0 = Release|Any CPU
		{69274AEA-93A0-4123-B213-4644FC723D29}.Debug|Any CPU.ActiveCfg = Debug|Any CPU
		{69274AEA-93A0-4123-B213-4644FC723D29}.Debug|Any CPU.Build.0 = Debug|Any CPU
		{69274AEA-93A0-4123-B213-4644FC723D29}.Release|Any CPU.ActiveCfg = Release|Any CPU
		{69274AEA-93A0-4123-B213-4644FC723D29}.Release|Any CPU.Build.0 = Release|Any CPU
		{14A5613D-E7C3-4634-A036-BEC2AC1EDF26}.Debug|Any CPU.ActiveCfg = Debug|Any CPU
		{14A5613D-E7C3-4634-A036-BEC2AC1EDF26}.Debug|Any CPU.Build.0 = Debug|Any CPU
		{14A5613D-E7C3-4634-A036-BEC2AC1EDF26}.Release|Any CPU.ActiveCfg = Release|Any CPU
		{14A5613D-E7C3-4634-A036-BEC2AC1EDF26}.Release|Any CPU.Build.0 = Release|Any CPU
	EndGlobalSection
	GlobalSection(SolutionProperties) = preSolution
		HideSolutionNode = FALSE
	EndGlobalSection
	GlobalSection(ExtensibilityGlobals) = postSolution
		SolutionGuid = {AFFB8377-CC10-4109-AE00-5D34D4F21B7E}
	EndGlobalSection
EndGlobal
